
Microsoft Visual Studio Solution File, Format Version 12.00
# Visual Studio Version 17
VisualStudioVersion = 17.4.33205.214
MinimumVisualStudioVersion = 10.0.40219.1
Project("{2150E333-8FDC-42A3-9474-1A3956D46DE8}") = "src", "src", "{9D876FDD-BE85-49E6-A106-CA3BB6F30535}"
EndProject
Project("{2150E333-8FDC-42A3-9474-1A3956D46DE8}") = "tests", "tests", "{36DAD672-AF2D-43C9-805D-F2E4B143D691}"
EndProject
Project("{FAE04EC0-301F-11D3-BF4B-00C04F79EFBC}") = "RS.CodeFlix.Catalog.UnitTests", "tests\RS.CodeFlix.Catalog.UnitTests\RS.CodeFlix.Catalog.UnitTests.csproj", "{11A2CF27-D007-4BDC-B744-CF64D008F75D}"
EndProject
Project("{FAE04EC0-301F-11D3-BF4B-00C04F79EFBC}") = "RS.CodeFlix.Catalog.Domain", "src\RS.CodeFlix.Catalog.Domain\RS.CodeFlix.Catalog.Domain.csproj", "{68713F57-DAF5-42AB-96BE-19ED8A964848}"
EndProject
Global
	GlobalSection(SolutionConfigurationPlatforms) = preSolution
		Debug|Any CPU = Debug|Any CPU
		Release|Any CPU = Release|Any CPU
	EndGlobalSection
	GlobalSection(ProjectConfigurationPlatforms) = postSolution
		{11A2CF27-D007-4BDC-B744-CF64D008F75D}.Debug|Any CPU.ActiveCfg = Debug|Any CPU
		{11A2CF27-D007-4BDC-B744-CF64D008F75D}.Debug|Any CPU.Build.0 = Debug|Any CPU
		{11A2CF27-D007-4BDC-B744-CF64D008F75D}.Release|Any CPU.ActiveCfg = Release|Any CPU
		{11A2CF27-D007-4BDC-B744-CF64D008F75D}.Release|Any CPU.Build.0 = Release|Any CPU
		{68713F57-DAF5-42AB-96BE-19ED8A964848}.Debug|Any CPU.ActiveCfg = Debug|Any CPU
		{68713F57-DAF5-42AB-96BE-19ED8A964848}.Debug|Any CPU.Build.0 = Debug|Any CPU
		{68713F57-DAF5-42AB-96BE-19ED8A964848}.Release|Any CPU.ActiveCfg = Release|Any CPU
		{68713F57-DAF5-42AB-96BE-19ED8A964848}.Release|Any CPU.Build.0 = Release|Any CPU
	EndGlobalSection
	GlobalSection(SolutionProperties) = preSolution
		HideSolutionNode = FALSE
	EndGlobalSection
	GlobalSection(NestedProjects) = preSolution
		{11A2CF27-D007-4BDC-B744-CF64D008F75D} = {36DAD672-AF2D-43C9-805D-F2E4B143D691}
		{68713F57-DAF5-42AB-96BE-19ED8A964848} = {9D876FDD-BE85-49E6-A106-CA3BB6F30535}
	EndGlobalSection
	GlobalSection(ExtensibilityGlobals) = postSolution
		SolutionGuid = {2A49CBE1-68F1-4D76-B093-41C07281A663}
	EndGlobalSection
EndGlobal
